<Solution>
  <Project Path="Unity.Timeline.csproj" Id="3501869e-2465-94fb-1864-de0b41832942" />
  <Project Path="Unity.PlasticSCM.Editor.csproj" Id="dc9efcc7-2628-28a5-1038-ebea178415ca" />
  <Project Path="Unity.ShaderGraph.Editor.csproj" Id="6040f106-7a70-4f13-16b3-8b69f1535e70" />
  <Project Path="Unity.2D.Aseprite.Editor.csproj" Id="6133e353-440a-8f30-0011-17b98afd98a9" />
  <Project Path="UniTask.Linq.csproj" Id="f6b0a579-9e7b-79cc-2029-536740af8dfe" />
  <Project Path="Unity.VisualScripting.Flow.csproj" Id="85902ea5-74de-6fac-07fe-9bc6588a3eae" />
  <Project Path="Unity.RenderPipelines.Universal.Runtime.csproj" Id="1a144242-e6ba-6587-5d6b-e38c34c59e7b" />
  <Project Path="UnityEditor.UI.csproj" Id="b4dc8cc3-18f8-9699-8fc8-b5b1b21ccb96" />
  <Project Path="Unity.Timeline.Editor.csproj" Id="1c1ef8cd-3607-3431-ce39-4cb8fe361719" />
  <Project Path="Unity.RenderPipelines.Core.Runtime.csproj" Id="2c77322d-9b8a-a7ee-6951-f5b659236dbd" />
  <Project Path="Unity.Mathematics.csproj" Id="ec5986a0-0fe4-afbf-24be-6c8a059b86c9" />
  <Project Path="Unity.RenderPipelines.Core.Editor.csproj" Id="c2ce096b-0299-52e2-7cd2-99422b4b5ff7" />
  <Project Path="Unity.2D.Common.Path.Editor.csproj" Id="142a2eb0-865e-0e3e-930d-4f3b16b57318" />
  <Project Path="UniTask.csproj" Id="5e15419a-6d57-e00e-d0ec-426dcd65e207" />
  <Project Path="Unity.2D.Psdimporter.Editor.csproj" Id="8adc356b-7afd-6d4d-74f6-16371c8efbce" />
  <Project Path="Unity.VisualScripting.Core.Editor.csproj" Id="8a5f1da7-f6aa-a1e2-cb50-2f1c34c26127" />
  <Project Path="Unity.2D.IK.Runtime.csproj" Id="d3e9b914-04d9-4ba3-bc21-dffd0d720b9e" />
  <Project Path="UnityEditor.TestRunner.csproj" Id="6544bb60-1906-8039-7f54-acaeb6e6e99c" />
  <Project Path="Unity.RenderPipelines.Universal.Editor.csproj" Id="47326829-68ae-6b00-1d80-617a2ea2f2fa" />
  <Project Path="Unity.TextMeshPro.Editor.csproj" Id="46c9c255-654f-3038-2973-5df114cc7493" />
  <Project Path="Unity.VisualScripting.Flow.Editor.csproj" Id="feabdfa7-5f22-e1a9-e9ac-120a3bb94f1f" />
  <Project Path="UnityEngine.TestRunner.csproj" Id="93eb1233-c403-738b-8b8f-1b3b5d584dd7" />
  <Project Path="Unity.VisualScripting.Core.csproj" Id="2168331c-1443-2755-f0cc-dd9ad330bc61" />
  <Project Path="Unity.2D.Tilemap.Editor.csproj" Id="4aa0ea0c-554c-bec6-8d2a-46f9d9a3ab43" />
  <Project Path="Unity.Searcher.Editor.csproj" Id="255574d4-d162-0d55-bf4f-94f64d8fc7be" />
  <Project Path="Unity.Burst.csproj" Id="3bf5ae80-7c85-2af1-f8aa-a4cacde716f8" />
  <Project Path="PsdPlugin.csproj" Id="f01d82be-c18a-42df-b84c-e5a63607407e" />
  <Project Path="Unity.Collections.csproj" Id="bd48a17c-44f2-c433-a85a-536343336929" />
  <Project Path="Unity.2D.Animation.Editor.csproj" Id="fb98c3ef-8721-83a1-a792-97ac90b294c2" />
  <Project Path="Unity.2D.SpriteShape.Editor.csproj" Id="c85a2ce7-0bab-c5af-0d24-aeca0eb8ea3a" />
  <Project Path="Unity.VisualStudio.Editor.csproj" Id="8601f4bc-23a8-2c7c-e4c5-99972b8281f3" />
  <Project Path="PPv2URPConverters.csproj" Id="4f1aea44-0425-a8fb-4103-9f202e7d4221" />
  <Project Path="Unity.Rider.Editor.csproj" Id="81ff2c16-6ec4-b4e6-79a8-08bd1c705c76" />
  <Project Path="Unity.InternalAPIEditorBridge.001.csproj" Id="d598b8a6-d03e-1548-4f05-d713c62718e5" />
  <Project Path="Unity.2D.SpriteShape.Runtime.csproj" Id="9b039e84-bf6c-1aa6-719d-34b7a42bfba7" />
  <Project Path="Unity.VisualScripting.State.Editor.csproj" Id="878b4488-9d8e-aaf3-60bf-e51c2059c53b" />
  <Project Path="UnityEngine.UI.csproj" Id="d7e08620-d42d-0dc1-8a73-06062a806ecf" />
  <Project Path="Unity.Burst.CodeGen.csproj" Id="c987c288-326a-0342-ed44-f55cbb1689d0" />
  <Project Path="Unity.RenderPipeline.Universal.ShaderLibrary.csproj" Id="5091c2cd-f089-a551-c7e2-1f70f7c21a02" />
  <Project Path="Unity.VisualScripting.State.csproj" Id="7207aceb-bd50-0e60-0259-05f7cd865961" />
  <Project Path="Unity.TextMeshPro.csproj" Id="9ee943a7-eab7-6ba7-ed3c-4f9a794dfab6" />
  <Project Path="Unity.2D.Tilemap.Extras.Editor.csproj" Id="2496a4e1-1db8-e4d2-5481-8f151be2dddc" />
  <Project Path="Unity.2D.Animation.Runtime.csproj" Id="fd180491-26f2-e0ab-7fe3-947af2a0c31c" />
  <Project Path="Unity.VisualScripting.SettingsProvider.Editor.csproj" Id="a9baa3bd-ef8d-defa-30cb-0d8e402466df" />
  <Project Path="Unity.2D.IK.Editor.csproj" Id="3e8cf19b-1cc1-5cec-9823-672e9370d513" />
  <Project Path="Unity.InternalAPIEngineBridge.001.csproj" Id="d6b5db5c-4619-666d-739e-26dabc0bad17" />
  <Project Path="Assembly-CSharp.csproj" Id="115c9674-fe9b-306a-f46c-74c843bc03da" />
  <Project Path="Unity.2D.Aseprite.Common.csproj" Id="efa82f6e-6b79-52e5-4c7d-ca0eecaf46a5" />
  <Project Path="Unity.Burst.Editor.csproj" Id="b4334545-d134-9c8e-b61a-17d842742c4f" />
  <Project Path="UniTask.Editor.csproj" Id="53ae6e4b-ad2b-4b4a-de41-a3dd1efa07d4" />
  <Project Path="Unity.2D.Common.Editor.csproj" Id="61388cde-8272-c6f4-b152-995bf51e5bfd" />
  <Project Path="Unity.RenderPipelines.Universal.2D.Internal.csproj" Id="79e6ec61-330a-c874-6017-305b4037d74e" />
  <Project Path="Unity.2D.PixelPerfect.csproj" Id="1295a862-2eb1-715d-df43-888ee4fe1e8e" />
  <Project Path="Unity.2D.PixelPerfect.Editor.csproj" Id="b65f8a22-90db-5f35-29e9-2c9ce832300c" />
  <Project Path="Unity.2D.Common.Runtime.csproj" Id="28a0c944-4a96-b2d7-f6f8-4a50f72f8da1" />
  <Project Path="Unity.2D.Sprite.Editor.csproj" Id="bbf0f055-4d41-2da9-00e7-a07321ad91c2" />
  <Project Path="Unity.Mathematics.Editor.csproj" Id="a4554f59-f62f-d2e8-a5b4-c8028b07350f" />
  <Project Path="Unity.2D.Tilemap.Extras.csproj" Id="edb9d449-5f8d-2fb8-4e19-fa4b314b2230" />
  <Project Path="Unity.CollabProxy.Editor.csproj" Id="84e3fb63-3ce5-a273-d718-a49c52dec72a" />
  <Project Path="UniTask.TextMeshPro.csproj" Id="40fce846-642f-7070-c42b-1ce47bff2118" />
  <Project Path="Unity.ShaderGraph.Utilities.csproj" Id="049d0763-e47e-5d1c-d36c-06a7d910b324" />
  <Project Path="Unity.VisualScripting.Shared.Editor.csproj" Id="218b2fc5-74d1-812b-f65b-ef8a0dee3d1e" />
  <Project Path="UniTask.DOTween.csproj" Id="873f4ed7-908e-d1ce-b8fe-4580b8f39fdb" />
  <Project Path="Unity.Collections.DocCodeSamples.csproj" Id="c12693f5-0461-b873-b03c-9c9f6e8abe35" />
  <Project Path="Unity.PlasticSCM.Editor.Entities.csproj" Id="9a514e56-89f1-dfbc-f5ad-f9f672183864" />
  <Project Path="UniTask.Addressables.csproj" Id="d1650147-5a45-d27a-4814-f620eabdca72" />
  <Project Path="Unity.Collections.BurstCompatibilityGen.csproj" Id="e31afaeb-566e-429a-7c48-62cb8b6be7ba" />
  <Project Path="Unity.RenderPipelines.Universal.Config.Runtime.csproj" Id="3402874c-1101-490e-26db-7e605f6ad55d" />
  <Project Path="Unity.RenderPipelines.ShaderGraph.ShaderGraphLibrary.csproj" Id="225861bb-e7cc-1802-ccae-760a5238456f" />
  <Project Path="Unity.RenderPipelines.Core.ShaderLibrary.csproj" Id="74a9b377-74ae-b48f-f19f-1859a90efe57" />
  <Project Path="Unity.RenderPipelines.Universal.Shaders.csproj" Id="df2a345f-e1e5-cfd2-3d66-dc1e3bdbdee6" />
</Solution>
